
Microsoft Visual Studio Solution File, Format Version 12.00
# Visual Studio 15
Project("{FAE04EC0-301F-11D3-BF4B-00C04F79EFBC}") = "ContainerServices.API", "ContainerServices.API\ContainerServices.API.csproj", "{1DE442FA-0310-465E-A124-910BC72EF687}"
EndProject
Global
	GlobalSection(SolutionConfigurationPlatforms) = preSolution
		Debug|Any CPU = Debug|Any CPU
		Release|Any CPU = Release|Any CPU
	EndGlobalSection
	GlobalSection(ProjectConfigurationPlatforms) = postSolution
		{1DE442FA-0310-465E-A124-910BC72EF687}.Debug|Any CPU.ActiveCfg = Debug|Any CPU
		{1DE442FA-0310-465E-A124-910BC72EF687}.Debug|Any CPU.Build.0 = Debug|Any CPU
		{1DE442FA-0310-465E-A124-910BC72EF687}.Release|Any CPU.ActiveCfg = Release|Any CPU
		{1DE442FA-0310-465E-A124-910BC72EF687}.Release|Any CPU.Build.0 = Release|Any CPU
	EndGlobalSection
EndGlobal
